// !$*UTF8*$!
{
	archiveVersion = 1;
	classes = {
	};
	objectVersion = 46;
	objects = {

/* Begin PBXBuildFile section */
		BA9F80110907B5B548451E12 /* RAC.swift in Sources */ = {isa = PBXBuildFile; fileRef = BA9F8E595A5B76CC65D82FEB /* RAC.swift */; };
		BA9F847E4EB6ABEF3BD42626 /* RWTFlickrSearchViewController.swift in Sources */ = {isa = PBXBuildFile; fileRef = BA9F8250FB297E4B20D646F7 /* RWTFlickrSearchViewController.swift */; };
		BA9F88CDF657F97B4B84C826 /* RWTFlickrSearchViewModel.swift in Sources */ = {isa = PBXBuildFile; fileRef = BA9F859DEC27EE2F89C8493B /* RWTFlickrSearchViewModel.swift */; };
		BA9F8C66C7AF6D0C5E2A9BCF /* RACObserve.swift in Sources */ = {isa = PBXBuildFile; fileRef = BA9F87324BDA4F85F9A7CA94 /* RACObserve.swift */; };
		CF1A1FC8CE5A1F7D2035DC5F /* Pods_ReactiveFlickrSwift.framework in Frameworks */ = {isa = PBXBuildFile; fileRef = 7C86A805DDEEB928BD72DA81 /* Pods_ReactiveFlickrSwift.framework */; };
		F45397EA1C3AF5D100D2B3B0 /* AppDelegate.swift in Sources */ = {isa = PBXBuildFile; fileRef = F45397E91C3AF5D100D2B3B0 /* AppDelegate.swift */; };
		F45397EF1C3AF5D100D2B3B0 /* Main.storyboard in Resources */ = {isa = PBXBuildFile; fileRef = F45397ED1C3AF5D100D2B3B0 /* Main.storyboard */; };
		F45397F11C3AF5D100D2B3B0 /* Assets.xcassets in Resources */ = {isa = PBXBuildFile; fileRef = F45397F01C3AF5D100D2B3B0 /* Assets.xcassets */; };
		F4A899F11C3D3AD800E87B52 /* RWTFlickrPhotoMetadata.swift in Sources */ = {isa = PBXBuildFile; fileRef = F4A899F01C3D3AD800E87B52 /* RWTFlickrPhotoMetadata.swift */; };
		F4A89A111C3D85F000E87B52 /* RWTPreviousSearch.swift in Sources */ = {isa = PBXBuildFile; fileRef = F4A89A101C3D85F000E87B52 /* RWTPreviousSearch.swift */; };
		F4A89A131C3D8C2900E87B52 /* RWTPreviousTableCell.swift in Sources */ = {isa = PBXBuildFile; fileRef = F4A89A121C3D8C2900E87B52 /* RWTPreviousTableCell.swift */; };
		F4F7081B1C3BE791005FE2F9 /* RWTFlickrSearch.swift in Sources */ = {isa = PBXBuildFile; fileRef = F4F7081A1C3BE791005FE2F9 /* RWTFlickrSearch.swift */; };
		F4F7081D1C3BE7ED005FE2F9 /* RWTFlickrPhoto.swift in Sources */ = {isa = PBXBuildFile; fileRef = F4F7081C1C3BE7ED005FE2F9 /* RWTFlickrPhoto.swift */; };
		F4F7081F1C3BE9A4005FE2F9 /* Scheduler.swift in Sources */ = {isa = PBXBuildFile; fileRef = F4F7081E1C3BE9A4005FE2F9 /* Scheduler.swift */; };
		F4F708211C3BEA57005FE2F9 /* RWTFlickrSearchService.swift in Sources */ = {isa = PBXBuildFile; fileRef = F4F708201C3BEA57005FE2F9 /* RWTFlickrSearchService.swift */; };
		F4F708231C3BEB45005FE2F9 /* RWTFlickrSearchResults.swift in Sources */ = {isa = PBXBuildFile; fileRef = F4F708221C3BEB45005FE2F9 /* RWTFlickrSearchResults.swift */; };
		F4F708251C3C11EF005FE2F9 /* RWTSearchResultsViewModel.swift in Sources */ = {isa = PBXBuildFile; fileRef = F4F708241C3C11EF005FE2F9 /* RWTSearchResultsViewModel.swift */; };
		F4F708271C3C124F005FE2F9 /* RWTSearchResultsItemViewModel.swift in Sources */ = {isa = PBXBuildFile; fileRef = F4F708261C3C124F005FE2F9 /* RWTSearchResultsItemViewModel.swift */; };
		F4F708291C3CE5C4005FE2F9 /* RWTSearchResultsViewController.swift in Sources */ = {isa = PBXBuildFile; fileRef = F4F708281C3CE5C4005FE2F9 /* RWTSearchResultsViewController.swift */; };
		F4F7082B1C3D2E24005FE2F9 /* RWTSearchResultsTableViewCell.swift in Sources */ = {isa = PBXBuildFile; fileRef = F4F7082A1C3D2E24005FE2F9 /* RWTSearchResultsTableViewCell.swift */; };
/* End PBXBuildFile section */

/* Begin PBXFileReference section */
		7C86A805DDEEB928BD72DA81 /* Pods_ReactiveFlickrSwift.framework */ = {isa = PBXFileReference; explicitFileType = wrapper.framework; includeInIndex = 0; path = Pods_ReactiveFlickrSwift.framework; sourceTree = BUILT_PRODUCTS_DIR; };
		BA9F8250FB297E4B20D646F7 /* RWTFlickrSearchViewController.swift */ = {isa = PBXFileReference; fileEncoding = 4; lastKnownFileType = sourcecode.swift; path = RWTFlickrSearchViewController.swift; sourceTree = "<group>"; };
		BA9F859DEC27EE2F89C8493B /* RWTFlickrSearchViewModel.swift */ = {isa = PBXFileReference; fileEncoding = 4; lastKnownFileType = sourcecode.swift; path = RWTFlickrSearchViewModel.swift; sourceTree = "<group>"; };
		BA9F87324BDA4F85F9A7CA94 /* RACObserve.swift */ = {isa = PBXFileReference; fileEncoding = 4; lastKnownFileType = sourcecode.swift; path = RACObserve.swift; sourceTree = "<group>"; };
		BA9F8E595A5B76CC65D82FEB /* RAC.swift */ = {isa = PBXFileReference; fileEncoding = 4; lastKnownFileType = sourcecode.swift; path = RAC.swift; sourceTree = "<group>"; };
		D21ADAE41D36AC28F1E2D6C6 /* Pods-ReactiveFlickrSwift.release.xcconfig */ = {isa = PBXFileReference; includeInIndex = 1; lastKnownFileType = text.xcconfig; name = "Pods-ReactiveFlickrSwift.release.xcconfig"; path = "Pods/Target Support Files/Pods-ReactiveFlickrSwift/Pods-ReactiveFlickrSwift.release.xcconfig"; sourceTree = "<group>"; };
		E6FBF60E2BE26FCF9EA06098 /* Pods-ReactiveFlickrSwift.debug.xcconfig */ = {isa = PBXFileReference; includeInIndex = 1; lastKnownFileType = text.xcconfig; name = "Pods-ReactiveFlickrSwift.debug.xcconfig"; path = "Pods/Target Support Files/Pods-ReactiveFlickrSwift/Pods-ReactiveFlickrSwift.debug.xcconfig"; sourceTree = "<group>"; };
		F45397E61C3AF5D100D2B3B0 /* ReactiveFlickrSwift.app */ = {isa = PBXFileReference; explicitFileType = wrapper.application; includeInIndex = 0; path = ReactiveFlickrSwift.app; sourceTree = BUILT_PRODUCTS_DIR; };
		F45397E91C3AF5D100D2B3B0 /* AppDelegate.swift */ = {isa = PBXFileReference; lastKnownFileType = sourcecode.swift; path = AppDelegate.swift; sourceTree = "<group>"; };
		F45397EE1C3AF5D100D2B3B0 /* Base */ = {isa = PBXFileReference; lastKnownFileType = file.storyboard; name = Base; path = Base.lproj/Main.storyboard; sourceTree = "<group>"; };
		F45397F01C3AF5D100D2B3B0 /* Assets.xcassets */ = {isa = PBXFileReference; lastKnownFileType = folder.assetcatalog; path = Assets.xcassets; sourceTree = "<group>"; };
		F45397F51C3AF5D100D2B3B0 /* Info.plist */ = {isa = PBXFileReference; lastKnownFileType = text.plist.xml; path = Info.plist; sourceTree = "<group>"; };
		F4A899F01C3D3AD800E87B52 /* RWTFlickrPhotoMetadata.swift */ = {isa = PBXFileReference; fileEncoding = 4; lastKnownFileType = sourcecode.swift; path = RWTFlickrPhotoMetadata.swift; sourceTree = "<group>"; };
		F4A89A101C3D85F000E87B52 /* RWTPreviousSearch.swift */ = {isa = PBXFileReference; fileEncoding = 4; lastKnownFileType = sourcecode.swift; path = RWTPreviousSearch.swift; sourceTree = "<group>"; };
		F4A89A121C3D8C2900E87B52 /* RWTPreviousTableCell.swift */ = {isa = PBXFileReference; fileEncoding = 4; lastKnownFileType = sourcecode.swift; path = RWTPreviousTableCell.swift; sourceTree = "<group>"; };
		F4F7081A1C3BE791005FE2F9 /* RWTFlickrSearch.swift */ = {isa = PBXFileReference; fileEncoding = 4; lastKnownFileType = sourcecode.swift; path = RWTFlickrSearch.swift; sourceTree = "<group>"; };
		F4F7081C1C3BE7ED005FE2F9 /* RWTFlickrPhoto.swift */ = {isa = PBXFileReference; fileEncoding = 4; lastKnownFileType = sourcecode.swift; path = RWTFlickrPhoto.swift; sourceTree = "<group>"; };
		F4F7081E1C3BE9A4005FE2F9 /* Scheduler.swift */ = {isa = PBXFileReference; fileEncoding = 4; lastKnownFileType = sourcecode.swift; path = Scheduler.swift; sourceTree = "<group>"; };
		F4F708201C3BEA57005FE2F9 /* RWTFlickrSearchService.swift */ = {isa = PBXFileReference; fileEncoding = 4; lastKnownFileType = sourcecode.swift; path = RWTFlickrSearchService.swift; sourceTree = "<group>"; };
		F4F708221C3BEB45005FE2F9 /* RWTFlickrSearchResults.swift */ = {isa = PBXFileReference; fileEncoding = 4; lastKnownFileType = sourcecode.swift; path = RWTFlickrSearchResults.swift; sourceTree = "<group>"; };
		F4F708241C3C11EF005FE2F9 /* RWTSearchResultsViewModel.swift */ = {isa = PBXFileReference; fileEncoding = 4; lastKnownFileType = sourcecode.swift; path = RWTSearchResultsViewModel.swift; sourceTree = "<group>"; };
		F4F708261C3C124F005FE2F9 /* RWTSearchResultsItemViewModel.swift */ = {isa = PBXFileReference; fileEncoding = 4; lastKnownFileType = sourcecode.swift; path = RWTSearchResultsItemViewModel.swift; sourceTree = "<group>"; };
		F4F708281C3CE5C4005FE2F9 /* RWTSearchResultsViewController.swift */ = {isa = PBXFileReference; fileEncoding = 4; lastKnownFileType = sourcecode.swift; path = RWTSearchResultsViewController.swift; sourceTree = "<group>"; };
		F4F7082A1C3D2E24005FE2F9 /* RWTSearchResultsTableViewCell.swift */ = {isa = PBXFileReference; fileEncoding = 4; lastKnownFileType = sourcecode.swift; path = RWTSearchResultsTableViewCell.swift; sourceTree = "<group>"; };
/* End PBXFileReference section */

/* Begin PBXFrameworksBuildPhase section */
		F45397E31C3AF5D100D2B3B0 /* Frameworks */ = {
			isa = PBXFrameworksBuildPhase;
			buildActionMask = 2147483647;
			files = (
				CF1A1FC8CE5A1F7D2035DC5F /* Pods_ReactiveFlickrSwift.framework in Frameworks */,
			);
			runOnlyForDeploymentPostprocessing = 0;
		};
/* End PBXFrameworksBuildPhase section */

/* Begin PBXGroup section */
		BA9F80965D42C984578C5AD7 /* View */ = {
			isa = PBXGroup;
			children = (
				BA9F8250FB297E4B20D646F7 /* RWTFlickrSearchViewController.swift */,
				F4F708281C3CE5C4005FE2F9 /* RWTSearchResultsViewController.swift */,
				F4F7082A1C3D2E24005FE2F9 /* RWTSearchResultsTableViewCell.swift */,
				F4A89A121C3D8C2900E87B52 /* RWTPreviousTableCell.swift */,
			);
			path = View;
			sourceTree = "<group>";
		};
		BA9F836FCEAC3B211E1881E5 /* Util */ = {
			isa = PBXGroup;
			children = (
				BA9F8E595A5B76CC65D82FEB /* RAC.swift */,
				BA9F87324BDA4F85F9A7CA94 /* RACObserve.swift */,
				F4F7081E1C3BE9A4005FE2F9 /* Scheduler.swift */,
			);
			path = Util;
			sourceTree = "<group>";
		};
		BA9F872AC169AD68C580C6C0 /* ViewModel */ = {
			isa = PBXGroup;
			children = (
				BA9F859DEC27EE2F89C8493B /* RWTFlickrSearchViewModel.swift */,
				F4F708241C3C11EF005FE2F9 /* RWTSearchResultsViewModel.swift */,
				F4F708261C3C124F005FE2F9 /* RWTSearchResultsItemViewModel.swift */,
			);
			path = ViewModel;
			sourceTree = "<group>";
		};
		F45397DD1C3AF5D100D2B3B0 = {
			isa = PBXGroup;
			children = (
				F45397E81C3AF5D100D2B3B0 /* ReactiveFlickrSwift */,
				F45397E71C3AF5D100D2B3B0 /* Products */,
				F4DB930008971AAEF2D8235A /* Pods */,
				FF47FD166DDBB4D09FB85782 /* Frameworks */,
			);
			sourceTree = "<group>";
		};
		F45397E71C3AF5D100D2B3B0 /* Products */ = {
			isa = PBXGroup;
			children = (
				F45397E61C3AF5D100D2B3B0 /* ReactiveFlickrSwift.app */,
			);
			name = Products;
			sourceTree = "<group>";
		};
		F45397E81C3AF5D100D2B3B0 /* ReactiveFlickrSwift */ = {
			isa = PBXGroup;
			children = (
				F4F708171C3BE6B7005FE2F9 /* Model */,
				F45397E91C3AF5D100D2B3B0 /* AppDelegate.swift */,
				F45397ED1C3AF5D100D2B3B0 /* Main.storyboard */,
				F45397F01C3AF5D100D2B3B0 /* Assets.xcassets */,
				F45397F51C3AF5D100D2B3B0 /* Info.plist */,
				BA9F872AC169AD68C580C6C0 /* ViewModel */,
				BA9F80965D42C984578C5AD7 /* View */,
				BA9F836FCEAC3B211E1881E5 /* Util */,
			);
			path = ReactiveFlickrSwift;
			sourceTree = "<group>";
		};
		F4DB930008971AAEF2D8235A /* Pods */ = {
			isa = PBXGroup;
			children = (
				E6FBF60E2BE26FCF9EA06098 /* Pods-ReactiveFlickrSwift.debug.xcconfig */,
				D21ADAE41D36AC28F1E2D6C6 /* Pods-ReactiveFlickrSwift.release.xcconfig */,
			);
			name = Pods;
			sourceTree = "<group>";
		};
		F4F708171C3BE6B7005FE2F9 /* Model */ = {
			isa = PBXGroup;
			children = (
				F4F7081A1C3BE791005FE2F9 /* RWTFlickrSearch.swift */,
				F4F7081C1C3BE7ED005FE2F9 /* RWTFlickrPhoto.swift */,
				F4F708201C3BEA57005FE2F9 /* RWTFlickrSearchService.swift */,
				F4F708221C3BEB45005FE2F9 /* RWTFlickrSearchResults.swift */,
				F4A899F01C3D3AD800E87B52 /* RWTFlickrPhotoMetadata.swift */,
				F4A89A101C3D85F000E87B52 /* RWTPreviousSearch.swift */,
			);
			path = Model;
			sourceTree = "<group>";
		};
		FF47FD166DDBB4D09FB85782 /* Frameworks */ = {
			isa = PBXGroup;
			children = (
				7C86A805DDEEB928BD72DA81 /* Pods_ReactiveFlickrSwift.framework */,
			);
			name = Frameworks;
			sourceTree = "<group>";
		};
/* End PBXGroup section */

/* Begin PBXNativeTarget section */
		F45397E51C3AF5D100D2B3B0 /* ReactiveFlickrSwift */ = {
			isa = PBXNativeTarget;
			buildConfigurationList = F45397F81C3AF5D100D2B3B0 /* Build configuration list for PBXNativeTarget "ReactiveFlickrSwift" */;
			buildPhases = (
				D89C08A21E17D539E305188A /* 📦 Check Pods Manifest.lock */,
				F45397E21C3AF5D100D2B3B0 /* Sources */,
				F45397E31C3AF5D100D2B3B0 /* Frameworks */,
				F45397E41C3AF5D100D2B3B0 /* Resources */,
				CEE3EF9FB701FB80CBB0F69A /* 📦 Embed Pods Frameworks */,
				27C52EDDE1113B51EA1E2181 /* 📦 Copy Pods Resources */,
			);
			buildRules = (
			);
			dependencies = (
			);
			name = ReactiveFlickrSwift;
			productName = ReactiveFlickrSwift;
			productReference = F45397E61C3AF5D100D2B3B0 /* ReactiveFlickrSwift.app */;
			productType = "com.apple.product-type.application";
		};
/* End PBXNativeTarget section */

/* Begin PBXProject section */
		F45397DE1C3AF5D100D2B3B0 /* Project object */ = {
			isa = PBXProject;
			attributes = {
				LastSwiftUpdateCheck = 0720;
				LastUpgradeCheck = 0720;
				ORGANIZATIONNAME = "Reactive Cocoa";
				TargetAttributes = {
					F45397E51C3AF5D100D2B3B0 = {
						CreatedOnToolsVersion = 7.2;
					};
				};
			};
			buildConfigurationList = F45397E11C3AF5D100D2B3B0 /* Build configuration list for PBXProject "ReactiveFlickrSwift" */;
			compatibilityVersion = "Xcode 3.2";
			developmentRegion = English;
			hasScannedForEncodings = 0;
			knownRegions = (
				en,
				Base,
			);
			mainGroup = F45397DD1C3AF5D100D2B3B0;
			productRefGroup = F45397E71C3AF5D100D2B3B0 /* Products */;
			projectDirPath = "";
			projectRoot = "";
			targets = (
				F45397E51C3AF5D100D2B3B0 /* ReactiveFlickrSwift */,
			);
		};
/* End PBXProject section */

/* Begin PBXResourcesBuildPhase section */
		F45397E41C3AF5D100D2B3B0 /* Resources */ = {
			isa = PBXResourcesBuildPhase;
			buildActionMask = 2147483647;
			files = (
				F45397F11C3AF5D100D2B3B0 /* Assets.xcassets in Resources */,
				F45397EF1C3AF5D100D2B3B0 /* Main.storyboard in Resources */,
			);
			runOnlyForDeploymentPostprocessing = 0;
		};
/* End PBXResourcesBuildPhase section */

/* Begin PBXShellScriptBuildPhase section */
		27C52EDDE1113B51EA1E2181 /* 📦 Copy Pods Resources */ = {
			isa = PBXShellScriptBuildPhase;
			buildActionMask = 2147483647;
			files = (
			);
			inputPaths = (
			);
			name = "📦 Copy Pods Resources";
			outputPaths = (
			);
			runOnlyForDeploymentPostprocessing = 0;
			shellPath = /bin/sh;
			shellScript = "\"${SRCROOT}/Pods/Target Support Files/Pods-ReactiveFlickrSwift/Pods-ReactiveFlickrSwift-resources.sh\"\n";
			showEnvVarsInLog = 0;
		};
		CEE3EF9FB701FB80CBB0F69A /* 📦 Embed Pods Frameworks */ = {
			isa = PBXShellScriptBuildPhase;
			buildActionMask = 2147483647;
			files = (
			);
			inputPaths = (
			);
			name = "📦 Embed Pods Frameworks";
			outputPaths = (
			);
			runOnlyForDeploymentPostprocessing = 0;
			shellPath = /bin/sh;
			shellScript = "\"${SRCROOT}/Pods/Target Support Files/Pods-ReactiveFlickrSwift/Pods-ReactiveFlickrSwift-frameworks.sh\"\n";
			showEnvVarsInLog = 0;
		};
		D89C08A21E17D539E305188A /* 📦 Check Pods Manifest.lock */ = {
			isa = PBXShellScriptBuildPhase;
			buildActionMask = 2147483647;
			files = (
			);
			inputPaths = (
			);
			name = "📦 Check Pods Manifest.lock";
			outputPaths = (
			);
			runOnlyForDeploymentPostprocessing = 0;
			shellPath = /bin/sh;
			shellScript = "diff \"${PODS_ROOT}/../Podfile.lock\" \"${PODS_ROOT}/Manifest.lock\" > /dev/null\nif [[ $? != 0 ]] ; then\n    cat << EOM\nerror: The sandbox is not in sync with the Podfile.lock. Run 'pod install' or update your CocoaPods installation.\nEOM\n    exit 1\nfi\n";
			showEnvVarsInLog = 0;
		};
/* End PBXShellScriptBuildPhase section */

/* Begin PBXSourcesBuildPhase section */
		F45397E21C3AF5D100D2B3B0 /* Sources */ = {
			isa = PBXSourcesBuildPhase;
			buildActionMask = 2147483647;
			files = (
				F4F708251C3C11EF005FE2F9 /* RWTSearchResultsViewModel.swift in Sources */,
				F4F708291C3CE5C4005FE2F9 /* RWTSearchResultsViewController.swift in Sources */,
				F4A89A111C3D85F000E87B52 /* RWTPreviousSearch.swift in Sources */,
				F4A89A131C3D8C2900E87B52 /* RWTPreviousTableCell.swift in Sources */,
				F4F7081F1C3BE9A4005FE2F9 /* Scheduler.swift in Sources */,
				F4F708231C3BEB45005FE2F9 /* RWTFlickrSearchResults.swift in Sources */,
				F45397EA1C3AF5D100D2B3B0 /* AppDelegate.swift in Sources */,
				F4F708211C3BEA57005FE2F9 /* RWTFlickrSearchService.swift in Sources */,
				F4A899F11C3D3AD800E87B52 /* RWTFlickrPhotoMetadata.swift in Sources */,
				F4F7081D1C3BE7ED005FE2F9 /* RWTFlickrPhoto.swift in Sources */,
				BA9F88CDF657F97B4B84C826 /* RWTFlickrSearchViewModel.swift in Sources */,
				F4F7082B1C3D2E24005FE2F9 /* RWTSearchResultsTableViewCell.swift in Sources */,
				BA9F847E4EB6ABEF3BD42626 /* RWTFlickrSearchViewController.swift in Sources */,
				BA9F80110907B5B548451E12 /* RAC.swift in Sources */,
				F4F708271C3C124F005FE2F9 /* RWTSearchResultsItemViewModel.swift in Sources */,
				F4F7081B1C3BE791005FE2F9 /* RWTFlickrSearch.swift in Sources */,
				BA9F8C66C7AF6D0C5E2A9BCF /* RACObserve.swift in Sources */,
			);
			runOnlyForDeploymentPostprocessing = 0;
		};
/* End PBXSourcesBuildPhase section */

/* Begin PBXVariantGroup section */
		F45397ED1C3AF5D100D2B3B0 /* Main.storyboard */ = {
			isa = PBXVariantGroup;
			children = (
				F45397EE1C3AF5D100D2B3B0 /* Base */,
			);
			name = Main.storyboard;
			sourceTree = "<group>";
		};
/* End PBXVariantGroup section */

/* Begin XCBuildConfiguration section */
		F45397F61C3AF5D100D2B3B0 /* Debug */ = {
			isa = XCBuildConfiguration;
			buildSettings = {
				ALWAYS_SEARCH_USER_PATHS = NO;
				CLANG_CXX_LANGUAGE_STANDARD = "gnu++0x";
				CLANG_CXX_LIBRARY = "libc++";
				CLANG_ENABLE_MODULES = YES;
				CLANG_ENABLE_OBJC_ARC = YES;
				CLANG_WARN_BOOL_CONVERSION = YES;
				CLANG_WARN_CONSTANT_CONVERSION = YES;
				CLANG_WARN_DIRECT_OBJC_ISA_USAGE = YES_ERROR;
				CLANG_WARN_EMPTY_BODY = YES;
				CLANG_WARN_ENUM_CONVERSION = YES;
				CLANG_WARN_INT_CONVERSION = YES;
				CLANG_WARN_OBJC_ROOT_CLASS = YES_ERROR;
				CLANG_WARN_UNREACHABLE_CODE = YES;
				CLANG_WARN__DUPLICATE_METHOD_MATCH = YES;
				"CODE_SIGN_IDENTITY[sdk=iphoneos*]" = "iPhone Developer";
				COPY_PHASE_STRIP = NO;
				DEBUG_INFORMATION_FORMAT = dwarf;
				ENABLE_STRICT_OBJC_MSGSEND = YES;
				ENABLE_TESTABILITY = YES;
				GCC_C_LANGUAGE_STANDARD = gnu99;
				GCC_DYNAMIC_NO_PIC = NO;
				GCC_NO_COMMON_BLOCKS = YES;
				GCC_OPTIMIZATION_LEVEL = 0;
				GCC_PREPROCESSOR_DEFINITIONS = (
					"DEBUG=1",
					"$(inherited)",
				);
				GCC_WARN_64_TO_32_BIT_CONVERSION = YES;
				GCC_WARN_ABOUT_RETURN_TYPE = YES_ERROR;
				GCC_WARN_UNDECLARED_SELECTOR = YES;
				GCC_WARN_UNINITIALIZED_AUTOS = YES_AGGRESSIVE;
				GCC_WARN_UNUSED_FUNCTION = YES;
				GCC_WARN_UNUSED_VARIABLE = YES;
				IPHONEOS_DEPLOYMENT_TARGET = 9.2;
				MTL_ENABLE_DEBUG_INFO = YES;
				ONLY_ACTIVE_ARCH = YES;
				SDKROOT = iphoneos;
				SWIFT_OPTIMIZATION_LEVEL = "-Onone";
				TARGETED_DEVICE_FAMILY = "1,2";
			};
			name = Debug;
		};
		F45397F71C3AF5D100D2B3B0 /* Release */ = {
			isa = XCBuildConfiguration;
			buildSettings = {
				ALWAYS_SEARCH_USER_PATHS = NO;
				CLANG_CXX_LANGUAGE_STANDARD = "gnu++0x";
				CLANG_CXX_LIBRARY = "libc++";
				CLANG_ENABLE_MODULES = YES;
				CLANG_ENABLE_OBJC_ARC = YES;
				CLANG_WARN_BOOL_CONVERSION = YES;
				CLANG_WARN_CONSTANT_CONVERSION = YES;
				CLANG_WARN_DIRECT_OBJC_ISA_USAGE = YES_ERROR;
				CLANG_WARN_EMPTY_BODY = YES;
				CLANG_WARN_ENUM_CONVERSION = YES;
				CLANG_WARN_INT_CONVERSION = YES;
				CLANG_WARN_OBJC_ROOT_CLASS = YES_ERROR;
				CLANG_WARN_UNREACHABLE_CODE = YES;
				CLANG_WARN__DUPLICATE_METHOD_MATCH = YES;
				"CODE_SIGN_IDENTITY[sdk=iphoneos*]" = "iPhone Developer";
				COPY_PHASE_STRIP = NO;
				DEBUG_INFORMATION_FORMAT = "dwarf-with-dsym";
				ENABLE_NS_ASSERTIONS = NO;
				ENABLE_STRICT_OBJC_MSGSEND = YES;
				GCC_C_LANGUAGE_STANDARD = gnu99;
				GCC_NO_COMMON_BLOCKS = YES;
				GCC_WARN_64_TO_32_BIT_CONVERSION = YES;
				GCC_WARN_ABOUT_RETURN_TYPE = YES_ERROR;
				GCC_WARN_UNDECLARED_SELECTOR = YES;
				GCC_WARN_UNINITIALIZED_AUTOS = YES_AGGRESSIVE;
				GCC_WARN_UNUSED_FUNCTION = YES;
				GCC_WARN_UNUSED_VARIABLE = YES;
				IPHONEOS_DEPLOYMENT_TARGET = 9.2;
				MTL_ENABLE_DEBUG_INFO = NO;
				SDKROOT = iphoneos;
				TARGETED_DEVICE_FAMILY = "1,2";
				VALIDATE_PRODUCT = YES;
			};
			name = Release;
		};
		F45397F91C3AF5D100D2B3B0 /* Debug */ = {
			isa = XCBuildConfiguration;
			baseConfigurationReference = E6FBF60E2BE26FCF9EA06098 /* Pods-ReactiveFlickrSwift.debug.xcconfig */;
			buildSettings = {
				ASSETCATALOG_COMPILER_APPICON_NAME = AppIcon;
				INFOPLIST_FILE = ReactiveFlickrSwift/Info.plist;
				LD_RUNPATH_SEARCH_PATHS = "$(inherited) @executable_path/Frameworks";
				PRODUCT_BUNDLE_IDENTIFIER = com.reactivecocoa.ReactiveFlickrSwift;
				PRODUCT_NAME = "$(TARGET_NAME)";
			};
			name = Debug;
		};
		F45397FA1C3AF5D100D2B3B0 /* Release */ = {
			isa = XCBuildConfiguration;
			baseConfigurationReference = D21ADAE41D36AC28F1E2D6C6 /* Pods-ReactiveFlickrSwift.release.xcconfig */;
			buildSettings = {
				ASSETCATALOG_COMPILER_APPICON_NAME = AppIcon;
				INFOPLIST_FILE = ReactiveFlickrSwift/Info.plist;
				LD_RUNPATH_SEARCH_PATHS = "$(inherited) @executable_path/Frameworks";
				PRODUCT_BUNDLE_IDENTIFIER = com.reactivecocoa.ReactiveFlickrSwift;
				PRODUCT_NAME = "$(TARGET_NAME)";
			};
			name = Release;
		};
/* End XCBuildConfiguration section */

/* Begin XCConfigurationList section */
		F45397E11C3AF5D100D2B3B0 /* Build configuration list for PBXProject "ReactiveFlickrSwift" */ = {
			isa = XCConfigurationList;
			buildConfigurations = (
				F45397F61C3AF5D100D2B3B0 /* Debug */,
				F45397F71C3AF5D100D2B3B0 /* Release */,
			);
			defaultConfigurationIsVisible = 0;
			defaultConfigurationName = Release;
		};
		F45397F81C3AF5D100D2B3B0 /* Build configuration list for PBXNativeTarget "ReactiveFlickrSwift" */ = {
			isa = XCConfigurationList;
			buildConfigurations = (
				F45397F91C3AF5D100D2B3B0 /* Debug */,
				F45397FA1C3AF5D100D2B3B0 /* Release */,
			);
			defaultConfigurationIsVisible = 0;
			defaultConfigurationName = Release;
		};
/* End XCConfigurationList section */
	};
	rootObject = F45397DE1C3AF5D100D2B3B0 /* Project object */;
}
